
Microsoft Visual Studio Solution File, Format Version 12.00
# Visual Studio Version 17
VisualStudioVersion = 17.0.31903.59
MinimumVisualStudioVersion = 10.0.40219.1
Project("{FAE04EC0-301F-11D3-BF4B-00C04F79EFBC}") = "task07", "task07\task07.csproj", "{C53AFE2A-62F4-4FD2-ADF1-F004129350C2}"
EndProject
Project("{FAE04EC0-301F-11D3-BF4B-00C04F79EFBC}") = "task07tests", "task07tests\task07tests.csproj", "{E10D0B55-5F99-4EDD-9433-F37B05E7CD22}"
EndProject
Project("{FAE04EC0-301F-11D3-BF4B-00C04F79EFBC}") = "task09", "task09\task09.csproj", "{58999C96-A55D-4AE3-BB66-259E8CA6126D}"
EndProject
Project("{FAE04EC0-301F-11D3-BF4B-00C04F79EFBC}") = "task09tests", "task09tests\task09tests.csproj", "{0BA92652-16E2-4995-B6E0-3901D942139D}"
EndProject
Global
	GlobalSection(SolutionConfigurationPlatforms) = preSolution
		Debug|Any CPU = Debug|Any CPU
		Release|Any CPU = Release|Any CPU
	EndGlobalSection
	GlobalSection(SolutionProperties) = preSolution
		HideSolutionNode = FALSE
	EndGlobalSection
	GlobalSection(ProjectConfigurationPlatforms) = postSolution
		{C53AFE2A-62F4-4FD2-ADF1-F004129350C2}.Debug|Any CPU.ActiveCfg = Debug|Any CPU
		{C53AFE2A-62F4-4FD2-ADF1-F004129350C2}.Debug|Any CPU.Build.0 = Debug|Any CPU
		{C53AFE2A-62F4-4FD2-ADF1-F004129350C2}.Release|Any CPU.ActiveCfg = Release|Any CPU
		{C53AFE2A-62F4-4FD2-ADF1-F004129350C2}.Release|Any CPU.Build.0 = Release|Any CPU
		{E10D0B55-5F99-4EDD-9433-F37B05E7CD22}.Debug|Any CPU.ActiveCfg = Debug|Any CPU
		{E10D0B55-5F99-4EDD-9433-F37B05E7CD22}.Debug|Any CPU.Build.0 = Debug|Any CPU
		{E10D0B55-5F99-4EDD-9433-F37B05E7CD22}.Release|Any CPU.ActiveCfg = Release|Any CPU
		{E10D0B55-5F99-4EDD-9433-F37B05E7CD22}.Release|Any CPU.Build.0 = Release|Any CPU
		{58999C96-A55D-4AE3-BB66-259E8CA6126D}.Debug|Any CPU.ActiveCfg = Debug|Any CPU
		{58999C96-A55D-4AE3-BB66-259E8CA6126D}.Debug|Any CPU.Build.0 = Debug|Any CPU
		{58999C96-A55D-4AE3-BB66-259E8CA6126D}.Release|Any CPU.ActiveCfg = Release|Any CPU
		{58999C96-A55D-4AE3-BB66-259E8CA6126D}.Release|Any CPU.Build.0 = Release|Any CPU
		{0BA92652-16E2-4995-B6E0-3901D942139D}.Debug|Any CPU.ActiveCfg = Debug|Any CPU
		{0BA92652-16E2-4995-B6E0-3901D942139D}.Debug|Any CPU.Build.0 = Debug|Any CPU
		{0BA92652-16E2-4995-B6E0-3901D942139D}.Release|Any CPU.ActiveCfg = Release|Any CPU
		{0BA92652-16E2-4995-B6E0-3901D942139D}.Release|Any CPU.Build.0 = Release|Any CPU
	EndGlobalSection
EndGlobal
