
Microsoft Visual Studio Solution File, Format Version 12.00
# Visual Studio Version 17
VisualStudioVersion = 17.0.31903.59
MinimumVisualStudioVersion = 10.0.40219.1
Project("{FAE04EC0-301F-11D3-BF4B-00C04F79EFBC}") = "CommandLib", "CommandLib\CommandLib.csproj", "{8D020784-8007-449C-A06E-48ED8BDF6C5B}"
EndProject
Project("{FAE04EC0-301F-11D3-BF4B-00C04F79EFBC}") = "CommandRunner", "CommandRunner\CommandRunner.csproj", "{F2205B46-7FA8-47E5-8257-63EB4F641E3B}"
EndProject
Project("{FAE04EC0-301F-11D3-BF4B-00C04F79EFBC}") = "FileSystemCommands", "FileSystemCommands\FileSystemCommands.csproj", "{F400AF14-110F-47AB-9995-A2082F7D3993}"
EndProject
Project("{FAE04EC0-301F-11D3-BF4B-00C04F79EFBC}") = "task08tests", "task08tests\task08tests.csproj", "{2C9C5AB1-D66E-56F2-3783-B0F0E4D415A2}"
EndProject
Global
	GlobalSection(SolutionConfigurationPlatforms) = preSolution
		Debug|Any CPU = Debug|Any CPU
		Debug|x64 = Debug|x64
		Debug|x86 = Debug|x86
		Release|Any CPU = Release|Any CPU
		Release|x64 = Release|x64
		Release|x86 = Release|x86
	EndGlobalSection
	GlobalSection(ProjectConfigurationPlatforms) = postSolution
		{8D020784-8007-449C-A06E-48ED8BDF6C5B}.Debug|Any CPU.ActiveCfg = Debug|Any CPU
		{8D020784-8007-449C-A06E-48ED8BDF6C5B}.Debug|Any CPU.Build.0 = Debug|Any CPU
		{8D020784-8007-449C-A06E-48ED8BDF6C5B}.Debug|x64.ActiveCfg = Debug|Any CPU
		{8D020784-8007-449C-A06E-48ED8BDF6C5B}.Debug|x64.Build.0 = Debug|Any CPU
		{8D020784-8007-449C-A06E-48ED8BDF6C5B}.Debug|x86.ActiveCfg = Debug|Any CPU
		{8D020784-8007-449C-A06E-48ED8BDF6C5B}.Debug|x86.Build.0 = Debug|Any CPU
		{8D020784-8007-449C-A06E-48ED8BDF6C5B}.Release|Any CPU.ActiveCfg = Release|Any CPU
		{8D020784-8007-449C-A06E-48ED8BDF6C5B}.Release|Any CPU.Build.0 = Release|Any CPU
		{8D020784-8007-449C-A06E-48ED8BDF6C5B}.Release|x64.ActiveCfg = Release|Any CPU
		{8D020784-8007-449C-A06E-48ED8BDF6C5B}.Release|x64.Build.0 = Release|Any CPU
		{8D020784-8007-449C-A06E-48ED8BDF6C5B}.Release|x86.ActiveCfg = Release|Any CPU
		{8D020784-8007-449C-A06E-48ED8BDF6C5B}.Release|x86.Build.0 = Release|Any CPU
		{F2205B46-7FA8-47E5-8257-63EB4F641E3B}.Debug|Any CPU.ActiveCfg = Debug|Any CPU
		{F2205B46-7FA8-47E5-8257-63EB4F641E3B}.Debug|Any CPU.Build.0 = Debug|Any CPU
		{F2205B46-7FA8-47E5-8257-63EB4F641E3B}.Debug|x64.ActiveCfg = Debug|Any CPU
		{F2205B46-7FA8-47E5-8257-63EB4F641E3B}.Debug|x64.Build.0 = Debug|Any CPU
		{F2205B46-7FA8-47E5-8257-63EB4F641E3B}.Debug|x86.ActiveCfg = Debug|Any CPU
		{F2205B46-7FA8-47E5-8257-63EB4F641E3B}.Debug|x86.Build.0 = Debug|Any CPU
		{F2205B46-7FA8-47E5-8257-63EB4F641E3B}.Release|Any CPU.ActiveCfg = Release|Any CPU
		{F2205B46-7FA8-47E5-8257-63EB4F641E3B}.Release|Any CPU.Build.0 = Release|Any CPU
		{F2205B46-7FA8-47E5-8257-63EB4F641E3B}.Release|x64.ActiveCfg = Release|Any CPU
		{F2205B46-7FA8-47E5-8257-63EB4F641E3B}.Release|x64.Build.0 = Release|Any CPU
		{F2205B46-7FA8-47E5-8257-63EB4F641E3B}.Release|x86.ActiveCfg = Release|Any CPU
		{F2205B46-7FA8-47E5-8257-63EB4F641E3B}.Release|x86.Build.0 = Release|Any CPU
		{F400AF14-110F-47AB-9995-A2082F7D3993}.Debug|Any CPU.ActiveCfg = Debug|Any CPU
		{F400AF14-110F-47AB-9995-A2082F7D3993}.Debug|Any CPU.Build.0 = Debug|Any CPU
		{F400AF14-110F-47AB-9995-A2082F7D3993}.Debug|x64.ActiveCfg = Debug|Any CPU
		{F400AF14-110F-47AB-9995-A2082F7D3993}.Debug|x64.Build.0 = Debug|Any CPU
		{F400AF14-110F-47AB-9995-A2082F7D3993}.Debug|x86.ActiveCfg = Debug|Any CPU
		{F400AF14-110F-47AB-9995-A2082F7D3993}.Debug|x86.Build.0 = Debug|Any CPU
		{F400AF14-110F-47AB-9995-A2082F7D3993}.Release|Any CPU.ActiveCfg = Release|Any CPU
		{F400AF14-110F-47AB-9995-A2082F7D3993}.Release|Any CPU.Build.0 = Release|Any CPU
		{F400AF14-110F-47AB-9995-A2082F7D3993}.Release|x64.ActiveCfg = Release|Any CPU
		{F400AF14-110F-47AB-9995-A2082F7D3993}.Release|x64.Build.0 = Release|Any CPU
		{F400AF14-110F-47AB-9995-A2082F7D3993}.Release|x86.ActiveCfg = Release|Any CPU
		{F400AF14-110F-47AB-9995-A2082F7D3993}.Release|x86.Build.0 = Release|Any CPU
		{2C9C5AB1-D66E-56F2-3783-B0F0E4D415A2}.Debug|Any CPU.ActiveCfg = Debug|Any CPU
		{2C9C5AB1-D66E-56F2-3783-B0F0E4D415A2}.Debug|Any CPU.Build.0 = Debug|Any CPU
		{2C9C5AB1-D66E-56F2-3783-B0F0E4D415A2}.Debug|x64.ActiveCfg = Debug|Any CPU
		{2C9C5AB1-D66E-56F2-3783-B0F0E4D415A2}.Debug|x64.Build.0 = Debug|Any CPU
		{2C9C5AB1-D66E-56F2-3783-B0F0E4D415A2}.Debug|x86.ActiveCfg = Debug|Any CPU
		{2C9C5AB1-D66E-56F2-3783-B0F0E4D415A2}.Debug|x86.Build.0 = Debug|Any CPU
		{2C9C5AB1-D66E-56F2-3783-B0F0E4D415A2}.Release|Any CPU.ActiveCfg = Release|Any CPU
		{2C9C5AB1-D66E-56F2-3783-B0F0E4D415A2}.Release|Any CPU.Build.0 = Release|Any CPU
		{2C9C5AB1-D66E-56F2-3783-B0F0E4D415A2}.Release|x64.ActiveCfg = Release|Any CPU
		{2C9C5AB1-D66E-56F2-3783-B0F0E4D415A2}.Release|x64.Build.0 = Release|Any CPU
		{2C9C5AB1-D66E-56F2-3783-B0F0E4D415A2}.Release|x86.ActiveCfg = Release|Any CPU
		{2C9C5AB1-D66E-56F2-3783-B0F0E4D415A2}.Release|x86.Build.0 = Release|Any CPU
	EndGlobalSection
	GlobalSection(SolutionProperties) = preSolution
		HideSolutionNode = FALSE
	EndGlobalSection
	GlobalSection(ExtensibilityGlobals) = postSolution
		SolutionGuid = {0BD33F8F-840B-4A17-82F4-E94D1750AB6D}
	EndGlobalSection
EndGlobal
